
Microsoft Visual Studio Solution File, Format Version 12.00
# Visual Studio 15
VisualStudioVersion = 15.0.27428.1
MinimumVisualStudioVersion = 10.0.40219.1
Project("{8BC9CEB8-8B4A-11D0-8D11-00A0C91BC942}") = "Lab3_CPP", "Lab3_CPP\Lab3_CPP.vcxproj", "{40F44548-DEE6-4B54-9ED9-2BCA4F777F12}"
EndProject
Global
	GlobalSection(SolutionConfigurationPlatforms) = preSolution
		Debug|x64 = Debug|x64
		Debug|x86 = Debug|x86
		Release|x64 = Release|x64
		Release|x86 = Release|x86
	EndGlobalSection
	GlobalSection(ProjectConfigurationPlatforms) = postSolution
		{40F44548-DEE6-4B54-9ED9-2BCA4F777F12}.Debug|x64.ActiveCfg = Debug|x64
		{40F44548-DEE6-4B54-9ED9-2BCA4F777F12}.Debug|x64.Build.0 = Debug|x64
		{40F44548-DEE6-4B54-9ED9-2BCA4F777F12}.Debug|x86.ActiveCfg = Debug|Win32
		{40F44548-DEE6-4B54-9ED9-2BCA4F777F12}.Debug|x86.Build.0 = Debug|Win32
		{40F44548-DEE6-4B54-9ED9-2BCA4F777F12}.Release|x64.ActiveCfg = Release|x64
		{40F44548-DEE6-4B54-9ED9-2BCA4F777F12}.Release|x64.Build.0 = Release|x64
		{40F44548-DEE6-4B54-9ED9-2BCA4F777F12}.Release|x86.ActiveCfg = Release|Win32
		{40F44548-DEE6-4B54-9ED9-2BCA4F777F12}.Release|x86.Build.0 = Release|Win32
	EndGlobalSection
	GlobalSection(SolutionProperties) = preSolution
		HideSolutionNode = FALSE
	EndGlobalSection
	GlobalSection(ExtensibilityGlobals) = postSolution
		SolutionGuid = {B953A0D3-2A42-4618-A8DB-AD007CEE70A8}
	EndGlobalSection
EndGlobal
