
Microsoft Visual Studio Solution File, Format Version 12.00
# Visual Studio 15
VisualStudioVersion = 15.0.27428.1
MinimumVisualStudioVersion = 10.0.40219.1
Project("{FAE04EC0-301F-11D3-BF4B-00C04F79EFBC}") = "Lab2", "Lab2\Lab2.csproj", "{35ED973E-394E-40AB-8A8A-64ED12959D16}"
EndProject
Global
	GlobalSection(SolutionConfigurationPlatforms) = preSolution
		Debug|Any CPU = Debug|Any CPU
		Release|Any CPU = Release|Any CPU
	EndGlobalSection
	GlobalSection(ProjectConfigurationPlatforms) = postSolution
		{35ED973E-394E-40AB-8A8A-64ED12959D16}.Debug|Any CPU.ActiveCfg = Debug|Any CPU
		{35ED973E-394E-40AB-8A8A-64ED12959D16}.Debug|Any CPU.Build.0 = Debug|Any CPU
		{35ED973E-394E-40AB-8A8A-64ED12959D16}.Release|Any CPU.ActiveCfg = Release|Any CPU
		{35ED973E-394E-40AB-8A8A-64ED12959D16}.Release|Any CPU.Build.0 = Release|Any CPU
	EndGlobalSection
	GlobalSection(SolutionProperties) = preSolution
		HideSolutionNode = FALSE
	EndGlobalSection
	GlobalSection(ExtensibilityGlobals) = postSolution
		SolutionGuid = {5B2C042F-25AD-4C2A-9B4F-E7972018BDD5}
	EndGlobalSection
EndGlobal
